
Microsoft Visual Studio Solution File, Format Version 12.00
# Visual Studio Version 17
VisualStudioVersion = 17.4.33205.214
MinimumVisualStudioVersion = 10.0.40219.1
Project("{FAE04EC0-301F-11D3-BF4B-00C04F79EFBC}") = "lista_nomes", "lista_nomes\lista_nomes.csproj", "{E4C372D7-CC01-4B8C-97BB-55BCC19EA9C7}"
EndProject
Global
	GlobalSection(SolutionConfigurationPlatforms) = preSolution
		Debug|Any CPU = Debug|Any CPU
		Release|Any CPU = Release|Any CPU
	EndGlobalSection
	GlobalSection(ProjectConfigurationPlatforms) = postSolution
		{E4C372D7-CC01-4B8C-97BB-55BCC19EA9C7}.Debug|Any CPU.ActiveCfg = Debug|Any CPU
		{E4C372D7-CC01-4B8C-97BB-55BCC19EA9C7}.Debug|Any CPU.Build.0 = Debug|Any CPU
		{E4C372D7-CC01-4B8C-97BB-55BCC19EA9C7}.Release|Any CPU.ActiveCfg = Release|Any CPU
		{E4C372D7-CC01-4B8C-97BB-55BCC19EA9C7}.Release|Any CPU.Build.0 = Release|Any CPU
	EndGlobalSection
	GlobalSection(SolutionProperties) = preSolution
		HideSolutionNode = FALSE
	EndGlobalSection
	GlobalSection(ExtensibilityGlobals) = postSolution
		SolutionGuid = {11F35A04-58CA-47B0-AB3B-7537731162B7}
	EndGlobalSection
EndGlobal
