
Microsoft Visual Studio Solution File, Format Version 12.00
# Visual Studio Version 17
VisualStudioVersion = 17.3.32922.545
MinimumVisualStudioVersion = 10.0.40219.1
Project("{FAE04EC0-301F-11D3-BF4B-00C04F79EFBC}") = "ReservaHotel", "ReservaHotel\ReservaHotel.csproj", "{A61E5D82-79E9-4724-948D-9128FE8C5096}"
EndProject
Global
	GlobalSection(SolutionConfigurationPlatforms) = preSolution
		Debug|Any CPU = Debug|Any CPU
		Release|Any CPU = Release|Any CPU
	EndGlobalSection
	GlobalSection(ProjectConfigurationPlatforms) = postSolution
		{A61E5D82-79E9-4724-948D-9128FE8C5096}.Debug|Any CPU.ActiveCfg = Debug|Any CPU
		{A61E5D82-79E9-4724-948D-9128FE8C5096}.Debug|Any CPU.Build.0 = Debug|Any CPU
		{A61E5D82-79E9-4724-948D-9128FE8C5096}.Release|Any CPU.ActiveCfg = Release|Any CPU
		{A61E5D82-79E9-4724-948D-9128FE8C5096}.Release|Any CPU.Build.0 = Release|Any CPU
	EndGlobalSection
	GlobalSection(SolutionProperties) = preSolution
		HideSolutionNode = FALSE
	EndGlobalSection
	GlobalSection(ExtensibilityGlobals) = postSolution
		SolutionGuid = {08715A71-427C-45C0-B4EB-1E934AA894EB}
	EndGlobalSection
EndGlobal
